
Microsoft Visual Studio Solution File, Format Version 12.00
# Visual Studio Version 17
VisualStudioVersion = 17.14.36109.1 d17.14
MinimumVisualStudioVersion = 10.0.40219.1
Project("{888888A0-9F3D-457C-B088-3A5042F75D52}") = "Lab5", "Lab5\Lab5.pyproj", "{BDF3ED03-A465-4F33-8AE8-873A482C3E5B}"
EndProject
Global
	GlobalSection(SolutionConfigurationPlatforms) = preSolution
		Debug|Any CPU = Debug|Any CPU
		Release|Any CPU = Release|Any CPU
	EndGlobalSection
	GlobalSection(ProjectConfigurationPlatforms) = postSolution
		{BDF3ED03-A465-4F33-8AE8-873A482C3E5B}.Debug|Any CPU.ActiveCfg = Debug|Any CPU
		{BDF3ED03-A465-4F33-8AE8-873A482C3E5B}.Release|Any CPU.ActiveCfg = Release|Any CPU
	EndGlobalSection
	GlobalSection(SolutionProperties) = preSolution
		HideSolutionNode = FALSE
	EndGlobalSection
	GlobalSection(ExtensibilityGlobals) = postSolution
		SolutionGuid = {6B32EDF3-75A1-4627-B142-2B0B7141E57C}
	EndGlobalSection
EndGlobal
